
Microsoft Visual Studio Solution File, Format Version 12.00
# Visual Studio 15
VisualStudioVersion = 15.0.26730.15
MinimumVisualStudioVersion = 10.0.40219.1
Project("{FAE04EC0-301F-11D3-BF4B-00C04F79EFBC}") = "Rozdz 8 zad 6", "Rozdz 8 zad 6\Rozdz 8 zad 6.csproj", "{F2436CD1-73D4-4DED-8EF2-DB5E2A8577B0}"
EndProject
Global
	GlobalSection(SolutionConfigurationPlatforms) = preSolution
		Debug|Any CPU = Debug|Any CPU
		Release|Any CPU = Release|Any CPU
	EndGlobalSection
	GlobalSection(ProjectConfigurationPlatforms) = postSolution
		{F2436CD1-73D4-4DED-8EF2-DB5E2A8577B0}.Debug|Any CPU.ActiveCfg = Debug|Any CPU
		{F2436CD1-73D4-4DED-8EF2-DB5E2A8577B0}.Debug|Any CPU.Build.0 = Debug|Any CPU
		{F2436CD1-73D4-4DED-8EF2-DB5E2A8577B0}.Release|Any CPU.ActiveCfg = Release|Any CPU
		{F2436CD1-73D4-4DED-8EF2-DB5E2A8577B0}.Release|Any CPU.Build.0 = Release|Any CPU
	EndGlobalSection
	GlobalSection(SolutionProperties) = preSolution
		HideSolutionNode = FALSE
	EndGlobalSection
	GlobalSection(ExtensibilityGlobals) = postSolution
		SolutionGuid = {D035E019-7CDC-4708-9CF5-B62278784418}
	EndGlobalSection
EndGlobal
